# THIS IS AN AUTOGENERATED FILE. DO NOT EDIT THIS FILE DIRECTLY.
# yarn lockfile v1


"@types/node@^18.0.0":
  version "18.11.9"
  resolved "https://registry.yarnpkg.com/@types/node/-/node-18.11.9.tgz#02d013de7058cea16d36168ef2fc653464cfbad4"
  integrity sha512-CRpX21/kGdzjOpFsZSkcrXMGIBWMGNIHXXBVFSH+ggkftxg+XYP20TESbh+zFvFj3EQOl5byk0HTRn1IL6hbqg==

date-fns@^3.0.0:
  version "3.0.0"
  resolved "https://registry.yarnpkg.com/date-fns/-/date-fns-3.0.0.tgz#dc46aa8c403966a588fbc3794c6b006c17ab8691"
  integrity sha512-xjDz3rNN9jp+Lh3P/4MeY4E5HkaRnEnrJCcrdRZnKdn42gJlIe6hwrrwVXePRwVR2kh1UcMnz00erYBnHF8PFA==

typescript@^4.5.2:
  version "4.5.2"
  resolved "https://registry.yarnpkg.com/typescript/-/typescript-4.5.2.tgz#8ac1fba9f52256fdb06fb89e4122fa6a346c2998"
  integrity sha512-5BlMof9H1yGt0P8/WF+wPNw6GfctgGjXp5hkblpyT+8rkASSmkUKMXrxR0Xg8ThVCi/JnHQiKXeBaEwCeQwMFw==
